
Microsoft Visual Studio Solution File, Format Version 12.00
# Visual Studio Version 17
VisualStudioVersion = 17.9.34607.119
MinimumVisualStudioVersion = 10.0.40219.1
Project("{FAE04EC0-301F-11D3-BF4B-00C04F79EFBC}") = "TelefonRehberi", "TelefonRehberi\TelefonRehberi.csproj", "{8A258E9F-03E6-4349-AB3E-8F06FE189B61}"
EndProject
Global
	GlobalSection(SolutionConfigurationPlatforms) = preSolution
		Debug|Any CPU = Debug|Any CPU
		Release|Any CPU = Release|Any CPU
	EndGlobalSection
	GlobalSection(ProjectConfigurationPlatforms) = postSolution
		{8A258E9F-03E6-4349-AB3E-8F06FE189B61}.Debug|Any CPU.ActiveCfg = Debug|Any CPU
		{8A258E9F-03E6-4349-AB3E-8F06FE189B61}.Debug|Any CPU.Build.0 = Debug|Any CPU
		{8A258E9F-03E6-4349-AB3E-8F06FE189B61}.Release|Any CPU.ActiveCfg = Release|Any CPU
		{8A258E9F-03E6-4349-AB3E-8F06FE189B61}.Release|Any CPU.Build.0 = Release|Any CPU
	EndGlobalSection
	GlobalSection(SolutionProperties) = preSolution
		HideSolutionNode = FALSE
	EndGlobalSection
	GlobalSection(ExtensibilityGlobals) = postSolution
		SolutionGuid = {DBC3A303-5497-4F94-AB4A-12BB2ED2758B}
	EndGlobalSection
EndGlobal
